
Microsoft Visual Studio Solution File, Format Version 12.00
# Visual Studio Version 17
VisualStudioVersion = 17.2.32616.157
MinimumVisualStudioVersion = 10.0.40219.1
Project("{9A19103F-16F7-4668-BE54-9A1E7A4F7556}") = "acidserver", "src\acidserver\acidserver.csproj", "{FDE8270A-652C-453E-A1C1-A1CC066F4B46}"
EndProject
Global
	GlobalSection(SolutionConfigurationPlatforms) = preSolution
		Aliyun Release|Any CPU = Aliyun Release|Any CPU
		Debug|Any CPU = Debug|Any CPU
		Release|Any CPU = Release|Any CPU
	EndGlobalSection
	GlobalSection(ProjectConfigurationPlatforms) = postSolution
		{FDE8270A-652C-453E-A1C1-A1CC066F4B46}.Aliyun Release|Any CPU.ActiveCfg = Aliyun Release|Any CPU
		{FDE8270A-652C-453E-A1C1-A1CC066F4B46}.Aliyun Release|Any CPU.Build.0 = Aliyun Release|Any CPU
		{FDE8270A-652C-453E-A1C1-A1CC066F4B46}.Debug|Any CPU.ActiveCfg = Debug|Any CPU
		{FDE8270A-652C-453E-A1C1-A1CC066F4B46}.Debug|Any CPU.Build.0 = Debug|Any CPU
		{FDE8270A-652C-453E-A1C1-A1CC066F4B46}.Release|Any CPU.ActiveCfg = Release|Any CPU
		{FDE8270A-652C-453E-A1C1-A1CC066F4B46}.Release|Any CPU.Build.0 = Release|Any CPU
	EndGlobalSection
	GlobalSection(SolutionProperties) = preSolution
		HideSolutionNode = FALSE
	EndGlobalSection
	GlobalSection(ExtensibilityGlobals) = postSolution
		SolutionGuid = {3977F91A-A045-4902-8EC8-E8A572F69E07}
	EndGlobalSection
EndGlobal
